# This file is generated by running "yarn install" inside your project.
# Manual changes might be lost - proceed with caution!

__metadata:
  version: 8
  cacheKey: 10

"@discordjs/collection@npm:^2.1.1":
  version: 2.1.1
  resolution: "@discordjs/collection@npm:2.1.1"
  checksum: 10/2bf815120929e20bdcc94a7d0a9c0e567ef859b8cc502f5ecddaeae31ba3457711df708ab200ac6e86ffccab31f796192860f8ad609a9ddc2cdd7ffe5825a266
  languageName: node
  linkType: hard

"@discordjs/rest@npm:^2.4.1":
  version: 2.4.2
  resolution: "@discordjs/rest@npm:2.4.2"
  dependencies:
    "@discordjs/collection": "npm:^2.1.1"
    "@discordjs/util": "npm:^1.1.1"
    "@sapphire/async-queue": "npm:^1.5.3"
    "@sapphire/snowflake": "npm:^3.5.3"
    "@vladfrangu/async_event_emitter": "npm:^2.4.6"
    discord-api-types: "npm:^0.37.114"
    magic-bytes.js: "npm:^1.10.0"
    tslib: "npm:^2.6.3"
    undici: "npm:6.19.8"
  checksum: 10/55541ae3f88eacdeca35d041557b6f619910a987e97094cb4dbe2020e208fbf765332682b82321611f438631ce1618a150f2023231ac61b365efa9e739d8ae81
  languageName: node
  linkType: hard

"@discordjs/util@npm:^1.1.1":
  version: 1.1.1
  resolution: "@discordjs/util@npm:1.1.1"
  checksum: 10/3c8ae0c47fcf124e13bfef6232cf4564c35da9ac6b95b63888458c6662742e387324cdafa6207d625415553a5d05fc854f106c726a00c8e81c3414fd5e7eaf2c
  languageName: node
  linkType: hard

"@discordjs/ws@npm:^2.0.1":
  version: 2.0.1
  resolution: "@discordjs/ws@npm:2.0.1"
  dependencies:
    "@discordjs/collection": "npm:^2.1.1"
    "@discordjs/rest": "npm:^2.4.1"
    "@discordjs/util": "npm:^1.1.1"
    "@sapphire/async-queue": "npm:^1.5.3"
    "@types/ws": "npm:^8.5.12"
    "@vladfrangu/async_event_emitter": "npm:^2.4.6"
    discord-api-types: "npm:^0.37.114"
    tslib: "npm:^2.6.3"
    ws: "npm:^8.18.0"
  checksum: 10/b80d13dd9537a27c8ffad8d54efbf95cc3311e625ba8ff60d95fa9249061dfeb4608bf85f2ee4908af0384f6532d1c2d8b615e24025985fceb8f378d59720003
  languageName: node
  linkType: hard

"@sapphire/async-queue@npm:^1.5.3":
  version: 1.5.5
  resolution: "@sapphire/async-queue@npm:1.5.5"
  checksum: 10/26e6136de6dde4053e69afe7103fc8d71e9b780100a2b00de7d74eb009263cb6b1d06cf92b75a699c4c05804b7c7bc72190814c3709a60cde291ce29be0e0c36
  languageName: node
  linkType: hard

"@sapphire/snowflake@npm:^3.5.3":
  version: 3.5.3
  resolution: "@sapphire/snowflake@npm:3.5.3"
  checksum: 10/f306626f76a6e9bdc7de9130c1baf7ddcd8681d7d03b2ab6f2404081f71c94085d4001e8a62ae2c2372b3b54d2d52ec21d43695f2c73fb101caabc2d3bf524aa
  languageName: node
  linkType: hard

"@types/node@npm:*":
  version: 22.1.0
  resolution: "@types/node@npm:22.1.0"
  dependencies:
    undici-types: "npm:~6.13.0"
  checksum: 10/c2ac1340509646b6c673b27fae2a46e501a97e540e7221be4dd2e0be7a0f61efefb5bf3be8bedf2dbce245fa49cfc49bba77bce73fa3c4296d0d19521ced3222
  languageName: node
  linkType: hard

"@types/ws@npm:^8.5.12":
  version: 8.5.13
  resolution: "@types/ws@npm:8.5.13"
  dependencies:
    "@types/node": "npm:*"
  checksum: 10/21369beafa75c91ae3b00d3a2671c7408fceae1d492ca2abd5ac7c8c8bf4596d513c1599ebbddeae82c27c4a2d248976d0d714c4b3d34362b2ae35b964e2e637
  languageName: node
  linkType: hard

"@vladfrangu/async_event_emitter@npm:^2.4.6":
  version: 2.4.6
  resolution: "@vladfrangu/async_event_emitter@npm:2.4.6"
  checksum: 10/6a329441bbd36bb8bdc8c49f18328abf724834597c8cab56b5741f18fa167a010bb841bc9ec3638b6b73c6692b85d0de724612b0a416b523650574576fd1a197
  languageName: node
  linkType: hard

"discord-api-types@npm:^0.37.114":
  version: 0.37.115
  resolution: "discord-api-types@npm:0.37.115"
  checksum: 10/8314554175af48437c5acaa5a05a8fed4e3445e421ec7efaf182721ffe4eddd7fee6d7e9cc93e951c403032db83bfc1605105ea4f9091a08a2a477e82748d303
  languageName: node
  linkType: hard

"magic-bytes.js@npm:^1.10.0":
  version: 1.10.0
  resolution: "magic-bytes.js@npm:1.10.0"
  checksum: 10/4b84d54b79914df3e9824ba6aba4eb01ea2555d14c7a4fa45be43ef8be3c286ad3a8dcdb536b328de2d7469dbbd3a21ee4b15d338cadc43eb08c0df249a19e7a
  languageName: node
  linkType: hard

"tiny-ws@workspace:.":
  version: 0.0.0-use.local
  resolution: "tiny-ws@workspace:."
  dependencies:
    "@discordjs/ws": "npm:^2.0.1"
  languageName: unknown
  linkType: soft

"tslib@npm:^2.6.3":
  version: 2.8.1
  resolution: "tslib@npm:2.8.1"
  checksum: 10/3e2e043d5c2316461cb54e5c7fe02c30ef6dccb3384717ca22ae5c6b5bc95232a6241df19c622d9c73b809bea33b187f6dbc73030963e29950c2141bc32a79f7
  languageName: node
  linkType: hard

"undici-types@npm:~6.13.0":
  version: 6.13.0
  resolution: "undici-types@npm:6.13.0"
  checksum: 10/da52e37cbc6da3a75da86fa08dd795ca8924430deb91005eb884b840e46e19013ccd4c1c289f70018e8cf0c338add24a500e7c3acfcd49b1ffb27ff9f91e38b9
  languageName: node
  linkType: hard

"undici@npm:6.19.8":
  version: 6.19.8
  resolution: "undici@npm:6.19.8"
  checksum: 10/19ae4ba38b029a664d99fd330935ef59136cf99edb04ed821042f27b5a9e84777265fb744c8a7abc83f2059afb019446c69a4ebef07bbc0ed6b2de8d67ef4090
  languageName: node
  linkType: hard

"ws@npm:^8.18.0":
  version: 8.18.0
  resolution: "ws@npm:8.18.0"
  peerDependencies:
    bufferutil: ^4.0.1
    utf-8-validate: ">=5.0.2"
  peerDependenciesMeta:
    bufferutil:
      optional: true
    utf-8-validate:
      optional: true
  checksum: 10/70dfe53f23ff4368d46e4c0b1d4ca734db2c4149c6f68bc62cb16fc21f753c47b35fcc6e582f3bdfba0eaeb1c488cddab3c2255755a5c3eecb251431e42b3ff6
  languageName: node
  linkType: hard
