# This file is generated by running "yarn install" inside your project.
# Manual changes might be lost - proceed with caution!

__metadata:
  version: 8
  cacheKey: 10

"@discordjs/collection@npm:^2.1.1":
  version: 2.1.1
  resolution: "@discordjs/collection@npm:2.1.1"
  checksum: 10/2bf815120929e20bdcc94a7d0a9c0e567ef859b8cc502f5ecddaeae31ba3457711df708ab200ac6e86ffccab31f796192860f8ad609a9ddc2cdd7ffe5825a266
  languageName: node
  linkType: hard

"@discordjs/rest@npm:^2.6.0":
  version: 2.6.0
  resolution: "@discordjs/rest@npm:2.6.0"
  dependencies:
    "@discordjs/collection": "npm:^2.1.1"
    "@discordjs/util": "npm:^1.1.1"
    "@sapphire/async-queue": "npm:^1.5.3"
    "@sapphire/snowflake": "npm:^3.5.3"
    "@vladfrangu/async_event_emitter": "npm:^2.4.6"
    discord-api-types: "npm:^0.38.16"
    magic-bytes.js: "npm:^1.10.0"
    tslib: "npm:^2.6.3"
    undici: "npm:6.21.3"
  checksum: 10/dccfb8d086e3cd32249492e480775d8a9badb1b84ca7eecf0ca853ffbb7b167b3438e16ebed1be676ca953537d672fcef5c3ea4f49c837c4be836a3c6f39984c
  languageName: node
  linkType: hard

"@discordjs/util@npm:^1.1.1":
  version: 1.1.1
  resolution: "@discordjs/util@npm:1.1.1"
  checksum: 10/3c8ae0c47fcf124e13bfef6232cf4564c35da9ac6b95b63888458c6662742e387324cdafa6207d625415553a5d05fc854f106c726a00c8e81c3414fd5e7eaf2c
  languageName: node
  linkType: hard

"@discordjs/ws@npm:^2.0.4":
  version: 2.0.4
  resolution: "@discordjs/ws@npm:2.0.4"
  dependencies:
    "@discordjs/collection": "npm:^2.1.1"
    "@discordjs/rest": "npm:^2.6.0"
    "@discordjs/util": "npm:^1.1.1"
    "@sapphire/async-queue": "npm:^1.5.3"
    "@types/ws": "npm:^8.5.12"
    "@vladfrangu/async_event_emitter": "npm:^2.4.6"
    discord-api-types: "npm:^0.38.32"
    tslib: "npm:^2.6.3"
    ws: "npm:^8.18.0"
  checksum: 10/b4f8b73db86eab956dd5f5eb93da9a4d00b8840e9f5d442b24b77912a6b8202e013dab4a1e850b82146430633d52b0372ed4e9eb30ffae2d5ab6b41c53fd756a
  languageName: node
  linkType: hard

"@sapphire/async-queue@npm:^1.5.3":
  version: 1.5.5
  resolution: "@sapphire/async-queue@npm:1.5.5"
  checksum: 10/26e6136de6dde4053e69afe7103fc8d71e9b780100a2b00de7d74eb009263cb6b1d06cf92b75a699c4c05804b7c7bc72190814c3709a60cde291ce29be0e0c36
  languageName: node
  linkType: hard

"@sapphire/snowflake@npm:^3.5.3":
  version: 3.5.3
  resolution: "@sapphire/snowflake@npm:3.5.3"
  checksum: 10/f306626f76a6e9bdc7de9130c1baf7ddcd8681d7d03b2ab6f2404081f71c94085d4001e8a62ae2c2372b3b54d2d52ec21d43695f2c73fb101caabc2d3bf524aa
  languageName: node
  linkType: hard

"@types/node@npm:*":
  version: 22.1.0
  resolution: "@types/node@npm:22.1.0"
  dependencies:
    undici-types: "npm:~6.13.0"
  checksum: 10/c2ac1340509646b6c673b27fae2a46e501a97e540e7221be4dd2e0be7a0f61efefb5bf3be8bedf2dbce245fa49cfc49bba77bce73fa3c4296d0d19521ced3222
  languageName: node
  linkType: hard

"@types/ws@npm:^8.5.12":
  version: 8.18.1
  resolution: "@types/ws@npm:8.18.1"
  dependencies:
    "@types/node": "npm:*"
  checksum: 10/1ce05e3174dcacf28dae0e9b854ef1c9a12da44c7ed73617ab6897c5cbe4fccbb155a20be5508ae9a7dde2f83bd80f5cf3baa386b934fc4b40889ec963e94f3a
  languageName: node
  linkType: hard

"@vladfrangu/async_event_emitter@npm:^2.4.6":
  version: 2.4.6
  resolution: "@vladfrangu/async_event_emitter@npm:2.4.6"
  checksum: 10/6a329441bbd36bb8bdc8c49f18328abf724834597c8cab56b5741f18fa167a010bb841bc9ec3638b6b73c6692b85d0de724612b0a416b523650574576fd1a197
  languageName: node
  linkType: hard

"discord-api-types@npm:^0.38.16, discord-api-types@npm:^0.38.32":
  version: 0.38.37
  resolution: "discord-api-types@npm:0.38.37"
  checksum: 10/ea59b0e9e959e3f99760b2540be0b8388a1f6607821d5a27de2f9dd744959a6ad41ffb73f1ce8ea668748e4d133dea75dedd3a9027ce388e5a1b70f1c0b5d86b
  languageName: node
  linkType: hard

"magic-bytes.js@npm:^1.10.0":
  version: 1.10.0
  resolution: "magic-bytes.js@npm:1.10.0"
  checksum: 10/4b84d54b79914df3e9824ba6aba4eb01ea2555d14c7a4fa45be43ef8be3c286ad3a8dcdb536b328de2d7469dbbd3a21ee4b15d338cadc43eb08c0df249a19e7a
  languageName: node
  linkType: hard

"tiny-ws@workspace:.":
  version: 0.0.0-use.local
  resolution: "tiny-ws@workspace:."
  dependencies:
    "@discordjs/ws": "npm:^2.0.4"
  languageName: unknown
  linkType: soft

"tslib@npm:^2.6.3":
  version: 2.8.1
  resolution: "tslib@npm:2.8.1"
  checksum: 10/3e2e043d5c2316461cb54e5c7fe02c30ef6dccb3384717ca22ae5c6b5bc95232a6241df19c622d9c73b809bea33b187f6dbc73030963e29950c2141bc32a79f7
  languageName: node
  linkType: hard

"undici-types@npm:~6.13.0":
  version: 6.13.0
  resolution: "undici-types@npm:6.13.0"
  checksum: 10/da52e37cbc6da3a75da86fa08dd795ca8924430deb91005eb884b840e46e19013ccd4c1c289f70018e8cf0c338add24a500e7c3acfcd49b1ffb27ff9f91e38b9
  languageName: node
  linkType: hard

"undici@npm:6.21.3":
  version: 6.21.3
  resolution: "undici@npm:6.21.3"
  checksum: 10/b6b8f4a90e294c11fabbb174b471a310840695ed0154a44b81e9bb4a08867ed738c8a7eac4eb46c7902d502fbccf03fa2cf2e5f18d9a2218d82e4294e3f74a2b
  languageName: node
  linkType: hard

"ws@npm:^8.18.0":
  version: 8.19.0
  resolution: "ws@npm:8.19.0"
  peerDependencies:
    bufferutil: ^4.0.1
    utf-8-validate: ">=5.0.2"
  peerDependenciesMeta:
    bufferutil:
      optional: true
    utf-8-validate:
      optional: true
  checksum: 10/26e4901e93abaf73af9f26a93707c95b4845e91a7a347ec8c569e6e9be7f9df066f6c2b817b2d685544e208207898a750b78461e6e8d810c11a370771450c31b
  languageName: node
  linkType: hard
