# This file is generated by running "yarn install" inside your project.
# Manual changes might be lost - proceed with caution!

__metadata:
  version: 8
  cacheKey: 10

"@discordjs/collection@npm:^2.1.0":
  version: 2.1.0
  resolution: "@discordjs/collection@npm:2.1.0"
  checksum: 10/386b508a0ed55614a8c32990a16eaaae4c9289172ce06fc7489b91932c593f7485fb62afd13cf71ad762ba927e73233ed63a8d6c8884de949cf1dfaa8ca391e8
  languageName: node
  linkType: hard

"@discordjs/rest@npm:^2.3.0":
  version: 2.3.0
  resolution: "@discordjs/rest@npm:2.3.0"
  dependencies:
    "@discordjs/collection": "npm:^2.1.0"
    "@discordjs/util": "npm:^1.1.0"
    "@sapphire/async-queue": "npm:^1.5.2"
    "@sapphire/snowflake": "npm:^3.5.3"
    "@vladfrangu/async_event_emitter": "npm:^2.2.4"
    discord-api-types: "npm:0.37.83"
    magic-bytes.js: "npm:^1.10.0"
    tslib: "npm:^2.6.2"
    undici: "npm:6.13.0"
  checksum: 10/55932ed31248f3b02e819fb2e197eb223862d29894f8b0271d8451c5d8226ae9f398d65234f299bdd5e8597ca8e287ad82867d9b85d54070b6ff172ad3e22ee9
  languageName: node
  linkType: hard

"@discordjs/util@npm:^1.1.0":
  version: 1.1.0
  resolution: "@discordjs/util@npm:1.1.0"
  checksum: 10/ce76daa238a4675e3fa081579645debb19df1028ed7c0a518ad81837ae5b17ee8eea8da22bb8d3671b5e5384f315a2972cc0f64d829531cc54fe2afecc0acb79
  languageName: node
  linkType: hard

"@discordjs/ws@npm:^1.1.1":
  version: 1.1.1
  resolution: "@discordjs/ws@npm:1.1.1"
  dependencies:
    "@discordjs/collection": "npm:^2.1.0"
    "@discordjs/rest": "npm:^2.3.0"
    "@discordjs/util": "npm:^1.1.0"
    "@sapphire/async-queue": "npm:^1.5.2"
    "@types/ws": "npm:^8.5.10"
    "@vladfrangu/async_event_emitter": "npm:^2.2.4"
    discord-api-types: "npm:0.37.83"
    tslib: "npm:^2.6.2"
    ws: "npm:^8.16.0"
  checksum: 10/d926fee9e6c6d9e01b574340bdec848baf620b08d34fa9d1547aadb806b5e25317707a82867b36ff6f75feefa373fa208648fac54e01038adb5dfc91c9e55349
  languageName: node
  linkType: hard

"@sapphire/async-queue@npm:^1.5.2":
  version: 1.5.3
  resolution: "@sapphire/async-queue@npm:1.5.3"
  checksum: 10/6a9fdeeaa3e4591c057cb67b5aae86d9c94326dcb0ea9e8e3b8eba8cbcfee2a0f672d837a51e3da2c838f9861a6117fced2b0ac8e1b719bc5caf1bbbee781fb3
  languageName: node
  linkType: hard

"@sapphire/snowflake@npm:^3.5.3":
  version: 3.5.3
  resolution: "@sapphire/snowflake@npm:3.5.3"
  checksum: 10/f306626f76a6e9bdc7de9130c1baf7ddcd8681d7d03b2ab6f2404081f71c94085d4001e8a62ae2c2372b3b54d2d52ec21d43695f2c73fb101caabc2d3bf524aa
  languageName: node
  linkType: hard

"@types/node@npm:*":
  version: 22.1.0
  resolution: "@types/node@npm:22.1.0"
  dependencies:
    undici-types: "npm:~6.13.0"
  checksum: 10/c2ac1340509646b6c673b27fae2a46e501a97e540e7221be4dd2e0be7a0f61efefb5bf3be8bedf2dbce245fa49cfc49bba77bce73fa3c4296d0d19521ced3222
  languageName: node
  linkType: hard

"@types/ws@npm:^8.5.10":
  version: 8.5.12
  resolution: "@types/ws@npm:8.5.12"
  dependencies:
    "@types/node": "npm:*"
  checksum: 10/d8a3ddfb5ff8fea992a043113579d61ac1ea21e8464415af9e2b01b205ed19d817821ad64ca1b3a90062d1df1c23b0f586d8351d25ca6728844df99a74e8f76d
  languageName: node
  linkType: hard

"@vladfrangu/async_event_emitter@npm:^2.2.4":
  version: 2.4.5
  resolution: "@vladfrangu/async_event_emitter@npm:2.4.5"
  checksum: 10/eab0aa5af96fc57b633774314e20948dced85ecd33bde60cd7c048c3f54d033638ada623a8363482a0942cc414883e991e1f7d0005f1cce26e273346b3720d29
  languageName: node
  linkType: hard

"discord-api-types@npm:0.37.83":
  version: 0.37.83
  resolution: "discord-api-types@npm:0.37.83"
  checksum: 10/63aee8b4634f98e24921ba7ba82eab30105917d7bf40739b7fbe327a8c93134a78408d842bd7ad7cf3f45948d86db5ec0cb670d66e0fe0f8229cb15bfda5108f
  languageName: node
  linkType: hard

"magic-bytes.js@npm:^1.10.0":
  version: 1.10.0
  resolution: "magic-bytes.js@npm:1.10.0"
  checksum: 10/4b84d54b79914df3e9824ba6aba4eb01ea2555d14c7a4fa45be43ef8be3c286ad3a8dcdb536b328de2d7469dbbd3a21ee4b15d338cadc43eb08c0df249a19e7a
  languageName: node
  linkType: hard

"tiny-ws@workspace:.":
  version: 0.0.0-use.local
  resolution: "tiny-ws@workspace:."
  dependencies:
    "@discordjs/ws": "npm:^1.1.1"
  languageName: unknown
  linkType: soft

"tslib@npm:^2.6.2":
  version: 2.6.3
  resolution: "tslib@npm:2.6.3"
  checksum: 10/52109bb681f8133a2e58142f11a50e05476de4f075ca906d13b596ae5f7f12d30c482feb0bff167ae01cfc84c5803e575a307d47938999246f5a49d174fc558c
  languageName: node
  linkType: hard

"undici-types@npm:~6.13.0":
  version: 6.13.0
  resolution: "undici-types@npm:6.13.0"
  checksum: 10/da52e37cbc6da3a75da86fa08dd795ca8924430deb91005eb884b840e46e19013ccd4c1c289f70018e8cf0c338add24a500e7c3acfcd49b1ffb27ff9f91e38b9
  languageName: node
  linkType: hard

"undici@npm:6.13.0":
  version: 6.13.0
  resolution: "undici@npm:6.13.0"
  checksum: 10/4ec2038e95779d4f1114a5dcf5bc74ec59c7fc76f6287f8a6bea6d69113f0190e6d41cc6e14409b5d912b0a92ce910b33bfa05808f40b6bf2b802b58b427f2cf
  languageName: node
  linkType: hard

"ws@npm:^8.16.0":
  version: 8.18.0
  resolution: "ws@npm:8.18.0"
  peerDependencies:
    bufferutil: ^4.0.1
    utf-8-validate: ">=5.0.2"
  peerDependenciesMeta:
    bufferutil:
      optional: true
    utf-8-validate:
      optional: true
  checksum: 10/70dfe53f23ff4368d46e4c0b1d4ca734db2c4149c6f68bc62cb16fc21f753c47b35fcc6e582f3bdfba0eaeb1c488cddab3c2255755a5c3eecb251431e42b3ff6
  languageName: node
  linkType: hard
